// !$*UTF8*$!
{
	archiveVersion = 1;
	classes = {
	};
	objectVersion = 48;
	objects = {

/* Begin PBXBuildFile section */
		81917F941FD1AD3F00D64BE7 /* AppDelegate.swift in Sources */ = {isa = PBXBuildFile; fileRef = 81917F931FD1AD3F00D64BE7 /* AppDelegate.swift */; };
		81917F961FD1AD3F00D64BE7 /* ViewController.swift in Sources */ = {isa = PBXBuildFile; fileRef = 81917F951FD1AD3F00D64BE7 /* ViewController.swift */; };
		81917F991FD1AD3F00D64BE7 /* Main.storyboard in Resources */ = {isa = PBXBuildFile; fileRef = 81917F971FD1AD3F00D64BE7 /* Main.storyboard */; };
		81917F9B1FD1AD3F00D64BE7 /* Assets.xcassets in Resources */ = {isa = PBXBuildFile; fileRef = 81917F9A1FD1AD3F00D64BE7 /* Assets.xcassets */; };
		81917F9E1FD1AD3F00D64BE7 /* LaunchScreen.storyboard in Resources */ = {isa = PBXBuildFile; fileRef = 81917F9C1FD1AD3F00D64BE7 /* LaunchScreen.storyboard */; };
		81917FA61FD1AEE200D64BE7 /* NASAObject.swift in Sources */ = {isa = PBXBuildFile; fileRef = 81917FA51FD1AEE200D64BE7 /* NASAObject.swift */; };
		81917FA81FD1C2D300D64BE7 /* NetworkHelper.swift in Sources */ = {isa = PBXBuildFile; fileRef = 81917FA71FD1C2D200D64BE7 /* NetworkHelper.swift */; };
		81917FAA1FD1C7F200D64BE7 /* NASAObjectAPIClient.swift in Sources */ = {isa = PBXBuildFile; fileRef = 81917FA91FD1C7F200D64BE7 /* NASAObjectAPIClient.swift */; };
/* End PBXBuildFile section */

/* Begin PBXFileReference section */
		81917F901FD1AD3F00D64BE7 /* URLSession-Practice.app */ = {isa = PBXFileReference; explicitFileType = wrapper.application; includeInIndex = 0; path = "URLSession-Practice.app"; sourceTree = BUILT_PRODUCTS_DIR; };
		81917F931FD1AD3F00D64BE7 /* AppDelegate.swift */ = {isa = PBXFileReference; lastKnownFileType = sourcecode.swift; path = AppDelegate.swift; sourceTree = "<group>"; };
		81917F951FD1AD3F00D64BE7 /* ViewController.swift */ = {isa = PBXFileReference; lastKnownFileType = sourcecode.swift; path = ViewController.swift; sourceTree = "<group>"; };
		81917F981FD1AD3F00D64BE7 /* Base */ = {isa = PBXFileReference; lastKnownFileType = file.storyboard; name = Base; path = Base.lproj/Main.storyboard; sourceTree = "<group>"; };
		81917F9A1FD1AD3F00D64BE7 /* Assets.xcassets */ = {isa = PBXFileReference; lastKnownFileType = folder.assetcatalog; path = Assets.xcassets; sourceTree = "<group>"; };
		81917F9D1FD1AD3F00D64BE7 /* Base */ = {isa = PBXFileReference; lastKnownFileType = file.storyboard; name = Base; path = Base.lproj/LaunchScreen.storyboard; sourceTree = "<group>"; };
		81917F9F1FD1AD3F00D64BE7 /* Info.plist */ = {isa = PBXFileReference; lastKnownFileType = text.plist.xml; path = Info.plist; sourceTree = "<group>"; };
		81917FA51FD1AEE200D64BE7 /* NASAObject.swift */ = {isa = PBXFileReference; lastKnownFileType = sourcecode.swift; path = NASAObject.swift; sourceTree = "<group>"; };
		81917FA71FD1C2D200D64BE7 /* NetworkHelper.swift */ = {isa = PBXFileReference; lastKnownFileType = sourcecode.swift; path = NetworkHelper.swift; sourceTree = "<group>"; };
		81917FA91FD1C7F200D64BE7 /* NASAObjectAPIClient.swift */ = {isa = PBXFileReference; lastKnownFileType = sourcecode.swift; path = NASAObjectAPIClient.swift; sourceTree = "<group>"; };
/* End PBXFileReference section */

/* Begin PBXFrameworksBuildPhase section */
		81917F8D1FD1AD3F00D64BE7 /* Frameworks */ = {
			isa = PBXFrameworksBuildPhase;
			buildActionMask = 2147483647;
			files = (
			);
			runOnlyForDeploymentPostprocessing = 0;
		};
/* End PBXFrameworksBuildPhase section */

/* Begin PBXGroup section */
		81917F871FD1AD3F00D64BE7 = {
			isa = PBXGroup;
			children = (
				81917F921FD1AD3F00D64BE7 /* URLSession-Practice */,
				81917F911FD1AD3F00D64BE7 /* Products */,
			);
			sourceTree = "<group>";
		};
		81917F911FD1AD3F00D64BE7 /* Products */ = {
			isa = PBXGroup;
			children = (
				81917F901FD1AD3F00D64BE7 /* URLSession-Practice.app */,
			);
			name = Products;
			sourceTree = "<group>";
		};
		81917F921FD1AD3F00D64BE7 /* URLSession-Practice */ = {
			isa = PBXGroup;
			children = (
				81917F931FD1AD3F00D64BE7 /* AppDelegate.swift */,
				81917F951FD1AD3F00D64BE7 /* ViewController.swift */,
				81917F971FD1AD3F00D64BE7 /* Main.storyboard */,
				81917FA71FD1C2D200D64BE7 /* NetworkHelper.swift */,
				81917FA91FD1C7F200D64BE7 /* NASAObjectAPIClient.swift */,
				81917FA51FD1AEE200D64BE7 /* NASAObject.swift */,
				81917F9A1FD1AD3F00D64BE7 /* Assets.xcassets */,
				81917F9C1FD1AD3F00D64BE7 /* LaunchScreen.storyboard */,
				81917F9F1FD1AD3F00D64BE7 /* Info.plist */,
			);
			path = "URLSession-Practice";
			sourceTree = "<group>";
		};
/* End PBXGroup section */

/* Begin PBXNativeTarget section */
		81917F8F1FD1AD3F00D64BE7 /* URLSession-Practice */ = {
			isa = PBXNativeTarget;
			buildConfigurationList = 81917FA21FD1AD3F00D64BE7 /* Build configuration list for PBXNativeTarget "URLSession-Practice" */;
			buildPhases = (
				81917F8C1FD1AD3F00D64BE7 /* Sources */,
				81917F8D1FD1AD3F00D64BE7 /* Frameworks */,
				81917F8E1FD1AD3F00D64BE7 /* Resources */,
			);
			buildRules = (
			);
			dependencies = (
			);
			name = "URLSession-Practice";
			productName = "URLSession-Practice";
			productReference = 81917F901FD1AD3F00D64BE7 /* URLSession-Practice.app */;
			productType = "com.apple.product-type.application";
		};
/* End PBXNativeTarget section */

/* Begin PBXProject section */
		81917F881FD1AD3F00D64BE7 /* Project object */ = {
			isa = PBXProject;
			attributes = {
				LastSwiftUpdateCheck = 0900;
				LastUpgradeCheck = 0900;
				ORGANIZATIONNAME = "Melissa He @ C4Q";
				TargetAttributes = {
					81917F8F1FD1AD3F00D64BE7 = {
						CreatedOnToolsVersion = 9.0;
						ProvisioningStyle = Automatic;
					};
				};
			};
			buildConfigurationList = 81917F8B1FD1AD3F00D64BE7 /* Build configuration list for PBXProject "URLSession-Practice" */;
			compatibilityVersion = "Xcode 8.0";
			developmentRegion = en;
			hasScannedForEncodings = 0;
			knownRegions = (
				en,
				Base,
			);
			mainGroup = 81917F871FD1AD3F00D64BE7;
			productRefGroup = 81917F911FD1AD3F00D64BE7 /* Products */;
			projectDirPath = "";
			projectRoot = "";
			targets = (
				81917F8F1FD1AD3F00D64BE7 /* URLSession-Practice */,
			);
		};
/* End PBXProject section */

/* Begin PBXResourcesBuildPhase section */
		81917F8E1FD1AD3F00D64BE7 /* Resources */ = {
			isa = PBXResourcesBuildPhase;
			buildActionMask = 2147483647;
			files = (
				81917F9E1FD1AD3F00D64BE7 /* LaunchScreen.storyboard in Resources */,
				81917F9B1FD1AD3F00D64BE7 /* Assets.xcassets in Resources */,
				81917F991FD1AD3F00D64BE7 /* Main.storyboard in Resources */,
			);
			runOnlyForDeploymentPostprocessing = 0;
		};
/* End PBXResourcesBuildPhase section */

/* Begin PBXSourcesBuildPhase section */
		81917F8C1FD1AD3F00D64BE7 /* Sources */ = {
			isa = PBXSourcesBuildPhase;
			buildActionMask = 2147483647;
			files = (
				81917FA81FD1C2D300D64BE7 /* NetworkHelper.swift in Sources */,
				81917F961FD1AD3F00D64BE7 /* ViewController.swift in Sources */,
				81917FA61FD1AEE200D64BE7 /* NASAObject.swift in Sources */,
				81917FAA1FD1C7F200D64BE7 /* NASAObjectAPIClient.swift in Sources */,
				81917F941FD1AD3F00D64BE7 /* AppDelegate.swift in Sources */,
			);
			runOnlyForDeploymentPostprocessing = 0;
		};
/* End PBXSourcesBuildPhase section */

/* Begin PBXVariantGroup section */
		81917F971FD1AD3F00D64BE7 /* Main.storyboard */ = {
			isa = PBXVariantGroup;
			children = (
				81917F981FD1AD3F00D64BE7 /* Base */,
			);
			name = Main.storyboard;
			sourceTree = "<group>";
		};
		81917F9C1FD1AD3F00D64BE7 /* LaunchScreen.storyboard */ = {
			isa = PBXVariantGroup;
			children = (
				81917F9D1FD1AD3F00D64BE7 /* Base */,
			);
			name = LaunchScreen.storyboard;
			sourceTree = "<group>";
		};
/* End PBXVariantGroup section */

/* Begin XCBuildConfiguration section */
		81917FA01FD1AD3F00D64BE7 /* Debug */ = {
			isa = XCBuildConfiguration;
			buildSettings = {
				ALWAYS_SEARCH_USER_PATHS = NO;
				CLANG_ANALYZER_NONNULL = YES;
				CLANG_ANALYZER_NUMBER_OBJECT_CONVERSION = YES_AGGRESSIVE;
				CLANG_CXX_LANGUAGE_STANDARD = "gnu++14";
				CLANG_CXX_LIBRARY = "libc++";
				CLANG_ENABLE_MODULES = YES;
				CLANG_ENABLE_OBJC_ARC = YES;
				CLANG_WARN_BLOCK_CAPTURE_AUTORELEASING = YES;
				CLANG_WARN_BOOL_CONVERSION = YES;
				CLANG_WARN_COMMA = YES;
				CLANG_WARN_CONSTANT_CONVERSION = YES;
				CLANG_WARN_DIRECT_OBJC_ISA_USAGE = YES_ERROR;
				CLANG_WARN_DOCUMENTATION_COMMENTS = YES;
				CLANG_WARN_EMPTY_BODY = YES;
				CLANG_WARN_ENUM_CONVERSION = YES;
				CLANG_WARN_INFINITE_RECURSION = YES;
				CLANG_WARN_INT_CONVERSION = YES;
				CLANG_WARN_NON_LITERAL_NULL_CONVERSION = YES;
				CLANG_WARN_OBJC_LITERAL_CONVERSION = YES;
				CLANG_WARN_OBJC_ROOT_CLASS = YES_ERROR;
				CLANG_WARN_RANGE_LOOP_ANALYSIS = YES;
				CLANG_WARN_STRICT_PROTOTYPES = YES;
				CLANG_WARN_SUSPICIOUS_MOVE = YES;
				CLANG_WARN_UNGUARDED_AVAILABILITY = YES_AGGRESSIVE;
				CLANG_WARN_UNREACHABLE_CODE = YES;
				CLANG_WARN__DUPLICATE_METHOD_MATCH = YES;
				CODE_SIGN_IDENTITY = "iPhone Developer";
				COPY_PHASE_STRIP = NO;
				DEBUG_INFORMATION_FORMAT = dwarf;
				ENABLE_STRICT_OBJC_MSGSEND = YES;
				ENABLE_TESTABILITY = YES;
				GCC_C_LANGUAGE_STANDARD = gnu11;
				GCC_DYNAMIC_NO_PIC = NO;
				GCC_NO_COMMON_BLOCKS = YES;
				GCC_OPTIMIZATION_LEVEL = 0;
				GCC_PREPROCESSOR_DEFINITIONS = (
					"DEBUG=1",
					"$(inherited)",
				);
				GCC_WARN_64_TO_32_BIT_CONVERSION = YES;
				GCC_WARN_ABOUT_RETURN_TYPE = YES_ERROR;
				GCC_WARN_UNDECLARED_SELECTOR = YES;
				GCC_WARN_UNINITIALIZED_AUTOS = YES_AGGRESSIVE;
				GCC_WARN_UNUSED_FUNCTION = YES;
				GCC_WARN_UNUSED_VARIABLE = YES;
				IPHONEOS_DEPLOYMENT_TARGET = 11.0;
				MTL_ENABLE_DEBUG_INFO = YES;
				ONLY_ACTIVE_ARCH = YES;
				SDKROOT = iphoneos;
				SWIFT_ACTIVE_COMPILATION_CONDITIONS = DEBUG;
				SWIFT_OPTIMIZATION_LEVEL = "-Onone";
			};
			name = Debug;
		};
		81917FA11FD1AD3F00D64BE7 /* Release */ = {
			isa = XCBuildConfiguration;
			buildSettings = {
				ALWAYS_SEARCH_USER_PATHS = NO;
				CLANG_ANALYZER_NONNULL = YES;
				CLANG_ANALYZER_NUMBER_OBJECT_CONVERSION = YES_AGGRESSIVE;
				CLANG_CXX_LANGUAGE_STANDARD = "gnu++14";
				CLANG_CXX_LIBRARY = "libc++";
				CLANG_ENABLE_MODULES = YES;
				CLANG_ENABLE_OBJC_ARC = YES;
				CLANG_WARN_BLOCK_CAPTURE_AUTORELEASING = YES;
				CLANG_WARN_BOOL_CONVERSION = YES;
				CLANG_WARN_COMMA = YES;
				CLANG_WARN_CONSTANT_CONVERSION = YES;
				CLANG_WARN_DIRECT_OBJC_ISA_USAGE = YES_ERROR;
				CLANG_WARN_DOCUMENTATION_COMMENTS = YES;
				CLANG_WARN_EMPTY_BODY = YES;
				CLANG_WARN_ENUM_CONVERSION = YES;
				CLANG_WARN_INFINITE_RECURSION = YES;
				CLANG_WARN_INT_CONVERSION = YES;
				CLANG_WARN_NON_LITERAL_NULL_CONVERSION = YES;
				CLANG_WARN_OBJC_LITERAL_CONVERSION = YES;
				CLANG_WARN_OBJC_ROOT_CLASS = YES_ERROR;
				CLANG_WARN_RANGE_LOOP_ANALYSIS = YES;
				CLANG_WARN_STRICT_PROTOTYPES = YES;
				CLANG_WARN_SUSPICIOUS_MOVE = YES;
				CLANG_WARN_UNGUARDED_AVAILABILITY = YES_AGGRESSIVE;
				CLANG_WARN_UNREACHABLE_CODE = YES;
				CLANG_WARN__DUPLICATE_METHOD_MATCH = YES;
				CODE_SIGN_IDENTITY = "iPhone Developer";
				COPY_PHASE_STRIP = NO;
				DEBUG_INFORMATION_FORMAT = "dwarf-with-dsym";
				ENABLE_NS_ASSERTIONS = NO;
				ENABLE_STRICT_OBJC_MSGSEND = YES;
				GCC_C_LANGUAGE_STANDARD = gnu11;
				GCC_NO_COMMON_BLOCKS = YES;
				GCC_WARN_64_TO_32_BIT_CONVERSION = YES;
				GCC_WARN_ABOUT_RETURN_TYPE = YES_ERROR;
				GCC_WARN_UNDECLARED_SELECTOR = YES;
				GCC_WARN_UNINITIALIZED_AUTOS = YES_AGGRESSIVE;
				GCC_WARN_UNUSED_FUNCTION = YES;
				GCC_WARN_UNUSED_VARIABLE = YES;
				IPHONEOS_DEPLOYMENT_TARGET = 11.0;
				MTL_ENABLE_DEBUG_INFO = NO;
				SDKROOT = iphoneos;
				SWIFT_OPTIMIZATION_LEVEL = "-Owholemodule";
				VALIDATE_PRODUCT = YES;
			};
			name = Release;
		};
		81917FA31FD1AD3F00D64BE7 /* Debug */ = {
			isa = XCBuildConfiguration;
			buildSettings = {
				ASSETCATALOG_COMPILER_APPICON_NAME = AppIcon;
				CODE_SIGN_STYLE = Automatic;
				DEVELOPMENT_TEAM = M6644XK36Y;
				INFOPLIST_FILE = "URLSession-Practice/Info.plist";
				LD_RUNPATH_SEARCH_PATHS = "$(inherited) @executable_path/Frameworks";
				PRODUCT_BUNDLE_IDENTIFIER = "Melissa-He.URLSession-Practice";
				PRODUCT_NAME = "$(TARGET_NAME)";
				SWIFT_VERSION = 4.0;
				TARGETED_DEVICE_FAMILY = "1,2";
			};
			name = Debug;
		};
		81917FA41FD1AD3F00D64BE7 /* Release */ = {
			isa = XCBuildConfiguration;
			buildSettings = {
				ASSETCATALOG_COMPILER_APPICON_NAME = AppIcon;
				CODE_SIGN_STYLE = Automatic;
				DEVELOPMENT_TEAM = M6644XK36Y;
				INFOPLIST_FILE = "URLSession-Practice/Info.plist";
				LD_RUNPATH_SEARCH_PATHS = "$(inherited) @executable_path/Frameworks";
				PRODUCT_BUNDLE_IDENTIFIER = "Melissa-He.URLSession-Practice";
				PRODUCT_NAME = "$(TARGET_NAME)";
				SWIFT_VERSION = 4.0;
				TARGETED_DEVICE_FAMILY = "1,2";
			};
			name = Release;
		};
/* End XCBuildConfiguration section */

/* Begin XCConfigurationList section */
		81917F8B1FD1AD3F00D64BE7 /* Build configuration list for PBXProject "URLSession-Practice" */ = {
			isa = XCConfigurationList;
			buildConfigurations = (
				81917FA01FD1AD3F00D64BE7 /* Debug */,
				81917FA11FD1AD3F00D64BE7 /* Release */,
			);
			defaultConfigurationIsVisible = 0;
			defaultConfigurationName = Release;
		};
		81917FA21FD1AD3F00D64BE7 /* Build configuration list for PBXNativeTarget "URLSession-Practice" */ = {
			isa = XCConfigurationList;
			buildConfigurations = (
				81917FA31FD1AD3F00D64BE7 /* Debug */,
				81917FA41FD1AD3F00D64BE7 /* Release */,
			);
			defaultConfigurationIsVisible = 0;
			defaultConfigurationName = Release;
		};
/* End XCConfigurationList section */
	};
	rootObject = 81917F881FD1AD3F00D64BE7 /* Project object */;
}
